github.com/artonge/go-csv-tag/v2 v2.0.6/go.mod h1:MhLKePA0uu/+2jUJ4IER31uhRV/0GsIKyrSqSRR7Mkc=
github.com/artonge/go-csv-tag/v2 v2.0.7 h1:15R880S8+SHSKjvCZyNE2r3gNSaS0RQlGuU7s+w2/Fw=
github.com/artonge/go-csv-tag/v2 v2.0.7/go.mod h1:MhLKePA0uu/+2jUJ4IER31uhRV/0GsIKyrSqSRR7Mkc=
github.com/cheggaaa/pb v1.0.29/go.mod h1:W40334L7FMC5JKWldsTWbdGjLo0RxUKK73K+TuPxX30=
github.com/davecgh/go-spew v1.1.0/go.mod h1:J7Y8YcW2NihsgmVo/mv3lAwl/skON4iLHjSsI+c5H38=
github.com/fatih/color v1.9.0/go.mod h1:eQcE1qtQxscV5RaZvpXrrb8Drkc3/DdQ+uUYCNjL+zU=
github.com/golang/protobuf v1.5.0/go.mod h1:FsONVRAS9T7sI+LIUmWTfcYkHO4aIWwzhcaSAoJOfIk=
github.com/golang/protobuf v1.5.2/go.mod h1:XVQd3VNwM+JqD3oG2Ue2ip4fOMUkwXdXDdiuN0vRsmY=
github.com/google/go-cmp v0.5.5/go.mod h1:v8dTdLbMG2kIc/vJvl+f65V22dbkXbowE6jgT/gNBxE=
github.com/mattn/go-colorable v0.1.4/go.mod h1:U0ppj6V5qS13XJ6of8GYAs25YV2eR4EVcfRqFIhoBtE=
github.com/mattn/go-isatty v0.0.8/go.mod h1:Iq45c/XA43vh69/j3iqttzPXn0bhXyGjM0Hdxcsrc5s=
github.com/mattn/go-isatty v0.0.11/go.mod h1:PhnuNfih5lzO57/f3n+odYbM4JtupLOxQOAqxQCu2WE=
github.com/mattn/go-runewidth v0.0.4/go.mod h1:LwmH8dsx7+W8Uxz3IHJYH5QSwggIsqBzpuz5H//U1FU=
github.com/pmezard/go-difflib v1.0.0/go.mod h1:iKH77koFhYxTK1pcRnkKkqfTogsbg7gZNVY4sRDYZ/4=
github.com/qedus/osmpbf v1.2.0/go.mod h1:Cfv6JyqTZ72BjoW9FyFBQOC2DYJbL78yw+DLhBvSH+M=
github.com/stretchr/objx v0.1.0/go.mod h1:HFkY916IF+rwdDfMAkV7OtwuqBVzrE8GR6GFx+wExME=
github.com/stretchr/testify v1.7.0/go.mod h1:6Fq8oRcR53rry900zMqJjRRixrwX3KX962/h/Wwjteg=
github.com/takoyaki-3/go-geojson v0.0.1 h1:uRo5mszCqPUYaQ3CpJk4q86WA7ZjaFzJ+3it3caHoNM=
github.com/takoyaki-3/go-geojson v0.0.1/go.mod h1:0Yd9ZVbTx+59M//yuOl7FrTTcN8dgx3JSXevt4Nxatg=
github.com/takoyaki-3/go-gtfs v1.1.28/go.mod h1:CnvJfGGYUYiXnOr36VIdiH4csupP1rKZoMgsCvSB/Lk=
github.com/takoyaki-3/go-gtfs v1.1.33 h1:zhO3T4dyER2Yg4K30DmULLhbel/u1fHPS7jQrEp1yIk=
github.com/takoyaki-3/go-gtfs v1.1.33/go.mod h1:jS3jMvtbN3wPwroswOH+Ld1DQJqlR0OmpRNUkwSqK38=
github.com/takoyaki-3/go-json v0.0.0-20211221023225-18c8e7ac7ccb/go.mod h1:39fxS11XWIvygjbgeXg4bpyvAxLZ2lr1Cv+9DbbQ9Ew=
github.com/takoyaki-3/go-map v0.0.15/go.mod h1:eLDBXZHnEyd7lExyZFwIckkMLU8B3i4wthtHWAoCeck=
github.com/uber/h3-go v3.0.1+incompatible/go.mod h1:66a2M4rQlf+dtkTWj3bHoLFgDT/Rt4kLT8dMuEQVQvw=
golang.org/x/sys v0.0.0-20190222072716-a9d3bda3a223/go.mod h1:STP8DvDyc/dI5b8T5hshtkjS+E42TnysNCUPdjciGhY=
golang.org/x/sys v0.0.0-20191026070338-33540a1f6037/go.mod h1:h1NjWce9XRLGQEsW7wpKNCjG9DtNlClVuFLEZdDNbEs=
golang.org/x/xerrors v0.0.0-20191204190536-9bdfabe68543/go.mod h1:I/5z698sn9Ka8TeJc9MKroUUfqBBauWjQqLJ2OPfmY0=
google.golang.org/protobuf v1.26.0-rc.1/go.mod h1:jlhhOSvTdKEhbULTjvd4ARK9grFBp09yW+WbY/TyQbw=
google.golang.org/protobuf v1.26.0/go.mod h1:9q0QmTI4eRPtz6boOQmLYwt+qCgq0jsYwAQnmE0givc=
gopkg.in/check.v1 v0.0.0-20161208181325-20d25e280405/go.mod h1:Co6ibVJAznAaIkqp8huTwlJQCZ016jof/cbN4VW5Yz0=
gopkg.in/yaml.v3 v3.0.0-20200313102051-9f266ea9e77c/go.mod h1:K4uyk7z7BCEPqu6E+C64Yfv1cQ7kz7rIZviUmN+EgEM=
